// !$*UTF8*$!
{
	archiveVersion = 1;
	classes = {
	};
	objectVersion = 46;
	objects = {

/* Begin PBXBuildFile section */
		1A026C711C1BFD2700429022 /* HeadLine.storyboard in Resources */ = {isa = PBXBuildFile; fileRef = 1A026C701C1BFD2700429022 /* HeadLine.storyboard */; };
		1A026C741C1BFD7000429022 /* MLHeadLineViewController.m in Sources */ = {isa = PBXBuildFile; fileRef = 1A026C731C1BFD7000429022 /* MLHeadLineViewController.m */; };
		1A04B0771C1AFCFC00463186 /* topic_news.json in Resources */ = {isa = PBXBuildFile; fileRef = 1A04B0761C1AFCFC00463186 /* topic_news.json */; };
		1A04B07A1C1AFE0C00463186 /* MLChannel.m in Sources */ = {isa = PBXBuildFile; fileRef = 1A04B0791C1AFE0C00463186 /* MLChannel.m */; };
		1A0EB9B61C16C8B9008916A2 /* MLAdViewController.m in Sources */ = {isa = PBXBuildFile; fileRef = 1A0EB98C1C16C8B9008916A2 /* MLAdViewController.m */; };
		1A0EB9B71C16C8B9008916A2 /* Ad.storyboard in Resources */ = {isa = PBXBuildFile; fileRef = 1A0EB98F1C16C8B9008916A2 /* Ad.storyboard */; };
		1A0EB9B81C16C8B9008916A2 /* MLMainTabBarController.m in Sources */ = {isa = PBXBuildFile; fileRef = 1A0EB99F1C16C8B9008916A2 /* MLMainTabBarController.m */; };
		1A0EB9B91C16C8B9008916A2 /* MLNavigationViewController.m in Sources */ = {isa = PBXBuildFile; fileRef = 1A0EB9A11C16C8B9008916A2 /* MLNavigationViewController.m */; };
		1A0EB9BB1C16C8B9008916A2 /* UIView+Extension.m in Sources */ = {isa = PBXBuildFile; fileRef = 1A0EB9AD1C16C8B9008916A2 /* UIView+Extension.m */; };
		1A0EB9BE1C16CAD4008916A2 /* MLMainViewController.m in Sources */ = {isa = PBXBuildFile; fileRef = 1A0EB9BD1C16CAD4008916A2 /* MLMainViewController.m */; };
		1A0EB9C31C16D212008916A2 /* MLReadingViewController.m in Sources */ = {isa = PBXBuildFile; fileRef = 1A0EB9C21C16D212008916A2 /* MLReadingViewController.m */; };
		1A0EB9C51C16D2AA008916A2 /* Reading.storyboard in Resources */ = {isa = PBXBuildFile; fileRef = 1A0EB9C41C16D2AA008916A2 /* Reading.storyboard */; };
		1A0EB9C81C16D654008916A2 /* MLDiscoverViewController.m in Sources */ = {isa = PBXBuildFile; fileRef = 1A0EB9C71C16D654008916A2 /* MLDiscoverViewController.m */; };
		1A0EB9CA1C16D6BC008916A2 /* Discover.storyboard in Resources */ = {isa = PBXBuildFile; fileRef = 1A0EB9C91C16D6BC008916A2 /* Discover.storyboard */; };
		1A0EB9D11C16DEEF008916A2 /* MLVideoViewController.m in Sources */ = {isa = PBXBuildFile; fileRef = 1A0EB9D01C16DEEF008916A2 /* MLVideoViewController.m */; };
		1A0EB9D31C16DEFD008916A2 /* Video.storyboard in Resources */ = {isa = PBXBuildFile; fileRef = 1A0EB9D21C16DEFD008916A2 /* Video.storyboard */; };
		1A0EB9D51C16DF84008916A2 /* Me.storyboard in Resources */ = {isa = PBXBuildFile; fileRef = 1A0EB9D41C16DF84008916A2 /* Me.storyboard */; };
		1A0EB9D81C16DFB4008916A2 /* MLMeViewController.m in Sources */ = {isa = PBXBuildFile; fileRef = 1A0EB9D71C16DFB4008916A2 /* MLMeViewController.m */; };
		1A0EB9DA1C1715FB008916A2 /* Main.storyboard in Resources */ = {isa = PBXBuildFile; fileRef = 1A0EB9D91C1715FB008916A2 /* Main.storyboard */; };
		1A0EB9DD1C1718EF008916A2 /* MLBottomTabBar.m in Sources */ = {isa = PBXBuildFile; fileRef = 1A0EB9DC1C1718EF008916A2 /* MLBottomTabBar.m */; };
		1A0EB9E01C171925008916A2 /* MLBottomTabBarButton.m in Sources */ = {isa = PBXBuildFile; fileRef = 1A0EB9DF1C171925008916A2 /* MLBottomTabBarButton.m */; };
		1A0EB9E41C17210D008916A2 /* AppDelegate.m in Sources */ = {isa = PBXBuildFile; fileRef = 1A0EB9E21C17210D008916A2 /* AppDelegate.m */; };
		1A0EB9E51C17210D008916A2 /* main.m in Sources */ = {isa = PBXBuildFile; fileRef = 1A0EB9E31C17210D008916A2 /* main.m */; };
		1A42131B1C167A2B00C1DE55 /* Assets.xcassets in Resources */ = {isa = PBXBuildFile; fileRef = 1A42131A1C167A2B00C1DE55 /* Assets.xcassets */; };
		1A42131E1C167A2B00C1DE55 /* LaunchScreen.storyboard in Resources */ = {isa = PBXBuildFile; fileRef = 1A42131C1C167A2B00C1DE55 /* LaunchScreen.storyboard */; };
		1AFD9BCE1C1C3A0C00DB8569 /* MLLeftDockMenu.m in Sources */ = {isa = PBXBuildFile; fileRef = 1AFD9BCD1C1C3A0C00DB8569 /* MLLeftDockMenu.m */; };
		1AFDF61E1C194A9000050130 /* MLHomeLabel.m in Sources */ = {isa = PBXBuildFile; fileRef = 1AFDF61D1C194A9000050130 /* MLHomeLabel.m */; };
/* End PBXBuildFile section */

/* Begin PBXFileReference section */
		1A026C701C1BFD2700429022 /* HeadLine.storyboard */ = {isa = PBXFileReference; fileEncoding = 4; lastKnownFileType = file.storyboard; path = HeadLine.storyboard; sourceTree = "<group>"; };
		1A026C721C1BFD7000429022 /* MLHeadLineViewController.h */ = {isa = PBXFileReference; fileEncoding = 4; lastKnownFileType = sourcecode.c.h; path = MLHeadLineViewController.h; sourceTree = "<group>"; };
		1A026C731C1BFD7000429022 /* MLHeadLineViewController.m */ = {isa = PBXFileReference; fileEncoding = 4; lastKnownFileType = sourcecode.c.objc; path = MLHeadLineViewController.m; sourceTree = "<group>"; };
		1A04B0761C1AFCFC00463186 /* topic_news.json */ = {isa = PBXFileReference; fileEncoding = 4; lastKnownFileType = text.json; path = topic_news.json; sourceTree = "<group>"; };
		1A04B0781C1AFE0C00463186 /* MLChannel.h */ = {isa = PBXFileReference; fileEncoding = 4; lastKnownFileType = sourcecode.c.h; path = MLChannel.h; sourceTree = "<group>"; };
		1A04B0791C1AFE0C00463186 /* MLChannel.m */ = {isa = PBXFileReference; fileEncoding = 4; lastKnownFileType = sourcecode.c.objc; path = MLChannel.m; sourceTree = "<group>"; };
		1A0EB98B1C16C8B9008916A2 /* MLAdViewController.h */ = {isa = PBXFileReference; fileEncoding = 4; lastKnownFileType = sourcecode.c.h; path = MLAdViewController.h; sourceTree = "<group>"; };
		1A0EB98C1C16C8B9008916A2 /* MLAdViewController.m */ = {isa = PBXFileReference; fileEncoding = 4; lastKnownFileType = sourcecode.c.objc; path = MLAdViewController.m; sourceTree = "<group>"; };
		1A0EB98F1C16C8B9008916A2 /* Ad.storyboard */ = {isa = PBXFileReference; fileEncoding = 4; lastKnownFileType = file.storyboard; path = Ad.storyboard; sourceTree = "<group>"; };
		1A0EB99E1C16C8B9008916A2 /* MLMainTabBarController.h */ = {isa = PBXFileReference; fileEncoding = 4; lastKnownFileType = sourcecode.c.h; path = MLMainTabBarController.h; sourceTree = "<group>"; };
		1A0EB99F1C16C8B9008916A2 /* MLMainTabBarController.m */ = {isa = PBXFileReference; fileEncoding = 4; lastKnownFileType = sourcecode.c.objc; path = MLMainTabBarController.m; sourceTree = "<group>"; };
		1A0EB9A01C16C8B9008916A2 /* MLNavigationViewController.h */ = {isa = PBXFileReference; fileEncoding = 4; lastKnownFileType = sourcecode.c.h; path = MLNavigationViewController.h; sourceTree = "<group>"; };
		1A0EB9A11C16C8B9008916A2 /* MLNavigationViewController.m */ = {isa = PBXFileReference; fileEncoding = 4; lastKnownFileType = sourcecode.c.objc; path = MLNavigationViewController.m; sourceTree = "<group>"; };
		1A0EB9AC1C16C8B9008916A2 /* UIView+Extension.h */ = {isa = PBXFileReference; fileEncoding = 4; lastKnownFileType = sourcecode.c.h; path = "UIView+Extension.h"; sourceTree = "<group>"; };
		1A0EB9AD1C16C8B9008916A2 /* UIView+Extension.m */ = {isa = PBXFileReference; fileEncoding = 4; lastKnownFileType = sourcecode.c.objc; path = "UIView+Extension.m"; sourceTree = "<group>"; };
		1A0EB9B01C16C8B9008916A2 /* PrefixHeader.pch */ = {isa = PBXFileReference; fileEncoding = 4; lastKnownFileType = sourcecode.c.h; path = PrefixHeader.pch; sourceTree = "<group>"; };
		1A0EB9BC1C16CAD4008916A2 /* MLMainViewController.h */ = {isa = PBXFileReference; fileEncoding = 4; lastKnownFileType = sourcecode.c.h; path = MLMainViewController.h; sourceTree = "<group>"; };
		1A0EB9BD1C16CAD4008916A2 /* MLMainViewController.m */ = {isa = PBXFileReference; fileEncoding = 4; lastKnownFileType = sourcecode.c.objc; path = MLMainViewController.m; sourceTree = "<group>"; };
		1A0EB9C11C16D212008916A2 /* MLReadingViewController.h */ = {isa = PBXFileReference; fileEncoding = 4; lastKnownFileType = sourcecode.c.h; path = MLReadingViewController.h; sourceTree = "<group>"; };
		1A0EB9C21C16D212008916A2 /* MLReadingViewController.m */ = {isa = PBXFileReference; fileEncoding = 4; lastKnownFileType = sourcecode.c.objc; path = MLReadingViewController.m; sourceTree = "<group>"; };
		1A0EB9C41C16D2AA008916A2 /* Reading.storyboard */ = {isa = PBXFileReference; fileEncoding = 4; lastKnownFileType = file.storyboard; path = Reading.storyboard; sourceTree = "<group>"; };
		1A0EB9C61C16D654008916A2 /* MLDiscoverViewController.h */ = {isa = PBXFileReference; fileEncoding = 4; lastKnownFileType = sourcecode.c.h; path = MLDiscoverViewController.h; sourceTree = "<group>"; };
		1A0EB9C71C16D654008916A2 /* MLDiscoverViewController.m */ = {isa = PBXFileReference; fileEncoding = 4; lastKnownFileType = sourcecode.c.objc; path = MLDiscoverViewController.m; sourceTree = "<group>"; };
		1A0EB9C91C16D6BC008916A2 /* Discover.storyboard */ = {isa = PBXFileReference; fileEncoding = 4; lastKnownFileType = file.storyboard; path = Discover.storyboard; sourceTree = "<group>"; };
		1A0EB9CF1C16DEEF008916A2 /* MLVideoViewController.h */ = {isa = PBXFileReference; fileEncoding = 4; lastKnownFileType = sourcecode.c.h; path = MLVideoViewController.h; sourceTree = "<group>"; };
		1A0EB9D01C16DEEF008916A2 /* MLVideoViewController.m */ = {isa = PBXFileReference; fileEncoding = 4; lastKnownFileType = sourcecode.c.objc; path = MLVideoViewController.m; sourceTree = "<group>"; };
		1A0EB9D21C16DEFD008916A2 /* Video.storyboard */ = {isa = PBXFileReference; fileEncoding = 4; lastKnownFileType = file.storyboard; path = Video.storyboard; sourceTree = "<group>"; };
		1A0EB9D41C16DF84008916A2 /* Me.storyboard */ = {isa = PBXFileReference; fileEncoding = 4; lastKnownFileType = file.storyboard; path = Me.storyboard; sourceTree = "<group>"; };
		1A0EB9D61C16DFB4008916A2 /* MLMeViewController.h */ = {isa = PBXFileReference; fileEncoding = 4; lastKnownFileType = sourcecode.c.h; path = MLMeViewController.h; sourceTree = "<group>"; };
		1A0EB9D71C16DFB4008916A2 /* MLMeViewController.m */ = {isa = PBXFileReference; fileEncoding = 4; lastKnownFileType = sourcecode.c.objc; path = MLMeViewController.m; sourceTree = "<group>"; };
		1A0EB9D91C1715FB008916A2 /* Main.storyboard */ = {isa = PBXFileReference; fileEncoding = 4; lastKnownFileType = file.storyboard; path = Main.storyboard; sourceTree = "<group>"; };
		1A0EB9DB1C1718EF008916A2 /* MLBottomTabBar.h */ = {isa = PBXFileReference; fileEncoding = 4; lastKnownFileType = sourcecode.c.h; path = MLBottomTabBar.h; sourceTree = "<group>"; };
		1A0EB9DC1C1718EF008916A2 /* MLBottomTabBar.m */ = {isa = PBXFileReference; fileEncoding = 4; lastKnownFileType = sourcecode.c.objc; path = MLBottomTabBar.m; sourceTree = "<group>"; };
		1A0EB9DE1C171925008916A2 /* MLBottomTabBarButton.h */ = {isa = PBXFileReference; fileEncoding = 4; lastKnownFileType = sourcecode.c.h; path = MLBottomTabBarButton.h; sourceTree = "<group>"; };
		1A0EB9DF1C171925008916A2 /* MLBottomTabBarButton.m */ = {isa = PBXFileReference; fileEncoding = 4; lastKnownFileType = sourcecode.c.objc; path = MLBottomTabBarButton.m; sourceTree = "<group>"; };
		1A0EB9E11C17210D008916A2 /* AppDelegate.h */ = {isa = PBXFileReference; fileEncoding = 4; lastKnownFileType = sourcecode.c.h; path = AppDelegate.h; sourceTree = "<group>"; };
		1A0EB9E21C17210D008916A2 /* AppDelegate.m */ = {isa = PBXFileReference; fileEncoding = 4; lastKnownFileType = sourcecode.c.objc; path = AppDelegate.m; sourceTree = "<group>"; };
		1A0EB9E31C17210D008916A2 /* main.m */ = {isa = PBXFileReference; fileEncoding = 4; lastKnownFileType = sourcecode.c.objc; path = main.m; sourceTree = "<group>"; };
		1A42130B1C167A2B00C1DE55 /* newFinal.app */ = {isa = PBXFileReference; explicitFileType = wrapper.application; includeInIndex = 0; path = newFinal.app; sourceTree = BUILT_PRODUCTS_DIR; };
		1A42131A1C167A2B00C1DE55 /* Assets.xcassets */ = {isa = PBXFileReference; lastKnownFileType = folder.assetcatalog; path = Assets.xcassets; sourceTree = "<group>"; };
		1A42131D1C167A2B00C1DE55 /* Base */ = {isa = PBXFileReference; lastKnownFileType = file.storyboard; name = Base; path = Base.lproj/LaunchScreen.storyboard; sourceTree = "<group>"; };
		1A42131F1C167A2B00C1DE55 /* Info.plist */ = {isa = PBXFileReference; lastKnownFileType = text.plist.xml; path = Info.plist; sourceTree = "<group>"; };
		1AFD9BCC1C1C3A0C00DB8569 /* MLLeftDockMenu.h */ = {isa = PBXFileReference; fileEncoding = 4; lastKnownFileType = sourcecode.c.h; path = MLLeftDockMenu.h; sourceTree = "<group>"; };
		1AFD9BCD1C1C3A0C00DB8569 /* MLLeftDockMenu.m */ = {isa = PBXFileReference; fileEncoding = 4; lastKnownFileType = sourcecode.c.objc; path = MLLeftDockMenu.m; sourceTree = "<group>"; };
		1AFDF61C1C194A9000050130 /* MLHomeLabel.h */ = {isa = PBXFileReference; fileEncoding = 4; lastKnownFileType = sourcecode.c.h; path = MLHomeLabel.h; sourceTree = "<group>"; };
		1AFDF61D1C194A9000050130 /* MLHomeLabel.m */ = {isa = PBXFileReference; fileEncoding = 4; lastKnownFileType = sourcecode.c.objc; path = MLHomeLabel.m; sourceTree = "<group>"; };
/* End PBXFileReference section */

/* Begin PBXFrameworksBuildPhase section */
		1A4213081C167A2B00C1DE55 /* Frameworks */ = {
			isa = PBXFrameworksBuildPhase;
			buildActionMask = 2147483647;
			files = (
			);
			runOnlyForDeploymentPostprocessing = 0;
		};
/* End PBXFrameworksBuildPhase section */

/* Begin PBXGroup section */
		1A026C681C1BFBF100429022 /* HeadLine-头条_main子控制器 */ = {
			isa = PBXGroup;
			children = (
				1A026C6A1C1BFBF100429022 /* Model */,
				1A026C6B1C1BFBF100429022 /* View */,
				1A026C691C1BFBF100429022 /* Controller */,
			);
			name = "HeadLine-头条_main子控制器";
			path = HeadLine;
			sourceTree = "<group>";
		};
		1A026C691C1BFBF100429022 /* Controller */ = {
			isa = PBXGroup;
			children = (
				1A026C721C1BFD7000429022 /* MLHeadLineViewController.h */,
				1A026C731C1BFD7000429022 /* MLHeadLineViewController.m */,
			);
			path = Controller;
			sourceTree = "<group>";
		};
		1A026C6A1C1BFBF100429022 /* Model */ = {
			isa = PBXGroup;
			children = (
			);
			path = Model;
			sourceTree = "<group>";
		};
		1A026C6B1C1BFBF100429022 /* View */ = {
			isa = PBXGroup;
			children = (
				1A026C701C1BFD2700429022 /* HeadLine.storyboard */,
			);
			path = View;
			sourceTree = "<group>";
		};
		1A026C6C1C1BFC3400429022 /* Society-社会--main子控制器 */ = {
			isa = PBXGroup;
			children = (
				1A026C6D1C1BFC3400429022 /* Controller */,
				1A026C6E1C1BFC3400429022 /* Model */,
				1A026C6F1C1BFC3400429022 /* View */,
			);
			name = "Society-社会--main子控制器";
			path = Society;
			sourceTree = "<group>";
		};
		1A026C6D1C1BFC3400429022 /* Controller */ = {
			isa = PBXGroup;
			children = (
			);
			path = Controller;
			sourceTree = "<group>";
		};
		1A026C6E1C1BFC3400429022 /* Model */ = {
			isa = PBXGroup;
			children = (
			);
			path = Model;
			sourceTree = "<group>";
		};
		1A026C6F1C1BFC3400429022 /* View */ = {
			isa = PBXGroup;
			children = (
			);
			path = View;
			sourceTree = "<group>";
		};
		1A026C781C1C37FF00429022 /* LeftDockMenu-左侧菜单视图 */ = {
			isa = PBXGroup;
			children = (
				1A026C791C1C37FF00429022 /* Controller */,
				1A026C7A1C1C37FF00429022 /* Model */,
				1A026C7B1C1C37FF00429022 /* View */,
			);
			name = "LeftDockMenu-左侧菜单视图";
			path = LeftDockMenu;
			sourceTree = "<group>";
		};
		1A026C791C1C37FF00429022 /* Controller */ = {
			isa = PBXGroup;
			children = (
			);
			path = Controller;
			sourceTree = "<group>";
		};
		1A026C7A1C1C37FF00429022 /* Model */ = {
			isa = PBXGroup;
			children = (
			);
			path = Model;
			sourceTree = "<group>";
		};
		1A026C7B1C1C37FF00429022 /* View */ = {
			isa = PBXGroup;
			children = (
				1AFD9BCC1C1C3A0C00DB8569 /* MLLeftDockMenu.h */,
				1AFD9BCD1C1C3A0C00DB8569 /* MLLeftDockMenu.m */,
			);
			path = View;
			sourceTree = "<group>";
		};
		1A0EB9881C16C8B9008916A2 /* Class */ = {
			isa = PBXGroup;
			children = (
				1A0EB9891C16C8B9008916A2 /* Ad */,
				1A0EB99C1C16C8B9008916A2 /* MainTabbar */,
				1A0EB9981C16C8B9008916A2 /* Main--tabBar子控制器01 */,
				1A0EB9B11C16C8B9008916A2 /* Reading--tabBar子控制器02 */,
				1A0EB9941C16C8B9008916A2 /* Discover--tabBar子控制器03 */,
				1A0EB9CB1C16D922008916A2 /* Video--tabBar子控制器04 */,
				1A0EB9A51C16C8B9008916A2 /* Me--tabBar子控制器05 */,
				1A026C681C1BFBF100429022 /* HeadLine-头条_main子控制器 */,
				1A026C6C1C1BFC3400429022 /* Society-社会--main子控制器 */,
				1A026C781C1C37FF00429022 /* LeftDockMenu-左侧菜单视图 */,
				1A0EB9A91C16C8B9008916A2 /* Other */,
				1A0EB9901C16C8B9008916A2 /* copy1 */,
			);
			path = Class;
			sourceTree = "<group>";
		};
		1A0EB9891C16C8B9008916A2 /* Ad */ = {
			isa = PBXGroup;
			children = (
				1A0EB98A1C16C8B9008916A2 /* Controller */,
				1A0EB98D1C16C8B9008916A2 /* Model */,
				1A0EB98E1C16C8B9008916A2 /* View */,
			);
			path = Ad;
			sourceTree = "<group>";
		};
		1A0EB98A1C16C8B9008916A2 /* Controller */ = {
			isa = PBXGroup;
			children = (
				1A0EB98B1C16C8B9008916A2 /* MLAdViewController.h */,
				1A0EB98C1C16C8B9008916A2 /* MLAdViewController.m */,
			);
			path = Controller;
			sourceTree = "<group>";
		};
		1A0EB98D1C16C8B9008916A2 /* Model */ = {
			isa = PBXGroup;
			children = (
			);
			path = Model;
			sourceTree = "<group>";
		};
		1A0EB98E1C16C8B9008916A2 /* View */ = {
			isa = PBXGroup;
			children = (
				1A0EB98F1C16C8B9008916A2 /* Ad.storyboard */,
			);
			path = View;
			sourceTree = "<group>";
		};
		1A0EB9901C16C8B9008916A2 /* copy1 */ = {
			isa = PBXGroup;
			children = (
				1A0EB9911C16C8B9008916A2 /* Controller */,
				1A0EB9921C16C8B9008916A2 /* Model */,
				1A0EB9931C16C8B9008916A2 /* View */,
			);
			path = copy1;
			sourceTree = "<group>";
		};
		1A0EB9911C16C8B9008916A2 /* Controller */ = {
			isa = PBXGroup;
			children = (
			);
			path = Controller;
			sourceTree = "<group>";
		};
		1A0EB9921C16C8B9008916A2 /* Model */ = {
			isa = PBXGroup;
			children = (
			);
			path = Model;
			sourceTree = "<group>";
		};
		1A0EB9931C16C8B9008916A2 /* View */ = {
			isa = PBXGroup;
			children = (
			);
			path = View;
			sourceTree = "<group>";
		};
		1A0EB9941C16C8B9008916A2 /* Discover--tabBar子控制器03 */ = {
			isa = PBXGroup;
			children = (
				1A0EB9961C16C8B9008916A2 /* Model */,
				1A0EB9971C16C8B9008916A2 /* View */,
				1A0EB9951C16C8B9008916A2 /* Controller */,
			);
			name = "Discover--tabBar子控制器03";
			path = Discover;
			sourceTree = "<group>";
		};
		1A0EB9951C16C8B9008916A2 /* Controller */ = {
			isa = PBXGroup;
			children = (
				1A0EB9C61C16D654008916A2 /* MLDiscoverViewController.h */,
				1A0EB9C71C16D654008916A2 /* MLDiscoverViewController.m */,
			);
			path = Controller;
			sourceTree = "<group>";
		};
		1A0EB9961C16C8B9008916A2 /* Model */ = {
			isa = PBXGroup;
			children = (
			);
			path = Model;
			sourceTree = "<group>";
		};
		1A0EB9971C16C8B9008916A2 /* View */ = {
			isa = PBXGroup;
			children = (
				1A0EB9C91C16D6BC008916A2 /* Discover.storyboard */,
			);
			path = View;
			sourceTree = "<group>";
		};
		1A0EB9981C16C8B9008916A2 /* Main--tabBar子控制器01 */ = {
			isa = PBXGroup;
			children = (
				1A0EB99A1C16C8B9008916A2 /* Model */,
				1A0EB99B1C16C8B9008916A2 /* View */,
				1A0EB9991C16C8B9008916A2 /* Controller */,
			);
			name = "Main--tabBar子控制器01";
			path = Main;
			sourceTree = "<group>";
		};
		1A0EB9991C16C8B9008916A2 /* Controller */ = {
			isa = PBXGroup;
			children = (
				1A0EB9BC1C16CAD4008916A2 /* MLMainViewController.h */,
				1A0EB9BD1C16CAD4008916A2 /* MLMainViewController.m */,
				1A04B0761C1AFCFC00463186 /* topic_news.json */,
			);
			path = Controller;
			sourceTree = "<group>";
		};
		1A0EB99A1C16C8B9008916A2 /* Model */ = {
			isa = PBXGroup;
			children = (
				1A04B0781C1AFE0C00463186 /* MLChannel.h */,
				1A04B0791C1AFE0C00463186 /* MLChannel.m */,
			);
			path = Model;
			sourceTree = "<group>";
		};
		1A0EB99B1C16C8B9008916A2 /* View */ = {
			isa = PBXGroup;
			children = (
				1A0EB9D91C1715FB008916A2 /* Main.storyboard */,
				1AFDF61C1C194A9000050130 /* MLHomeLabel.h */,
				1AFDF61D1C194A9000050130 /* MLHomeLabel.m */,
			);
			path = View;
			sourceTree = "<group>";
		};
		1A0EB99C1C16C8B9008916A2 /* MainTabbar */ = {
			isa = PBXGroup;
			children = (
				1A0EB99D1C16C8B9008916A2 /* Controller */,
				1A0EB9A21C16C8B9008916A2 /* Model */,
				1A0EB9A31C16C8B9008916A2 /* View */,
			);
			path = MainTabbar;
			sourceTree = "<group>";
		};
		1A0EB99D1C16C8B9008916A2 /* Controller */ = {
			isa = PBXGroup;
			children = (
				1A0EB99E1C16C8B9008916A2 /* MLMainTabBarController.h */,
				1A0EB99F1C16C8B9008916A2 /* MLMainTabBarController.m */,
				1A0EB9A01C16C8B9008916A2 /* MLNavigationViewController.h */,
				1A0EB9A11C16C8B9008916A2 /* MLNavigationViewController.m */,
			);
			path = Controller;
			sourceTree = "<group>";
		};
		1A0EB9A21C16C8B9008916A2 /* Model */ = {
			isa = PBXGroup;
			children = (
			);
			path = Model;
			sourceTree = "<group>";
		};
		1A0EB9A31C16C8B9008916A2 /* View */ = {
			isa = PBXGroup;
			children = (
				1A0EB9DB1C1718EF008916A2 /* MLBottomTabBar.h */,
				1A0EB9DC1C1718EF008916A2 /* MLBottomTabBar.m */,
				1A0EB9DE1C171925008916A2 /* MLBottomTabBarButton.h */,
				1A0EB9DF1C171925008916A2 /* MLBottomTabBarButton.m */,
			);
			path = View;
			sourceTree = "<group>";
		};
		1A0EB9A51C16C8B9008916A2 /* Me--tabBar子控制器05 */ = {
			isa = PBXGroup;
			children = (
				1A0EB9A61C16C8B9008916A2 /* Controller */,
				1A0EB9A71C16C8B9008916A2 /* Model */,
				1A0EB9A81C16C8B9008916A2 /* View */,
			);
			name = "Me--tabBar子控制器05";
			path = Me;
			sourceTree = "<group>";
		};
		1A0EB9A61C16C8B9008916A2 /* Controller */ = {
			isa = PBXGroup;
			children = (
				1A0EB9D61C16DFB4008916A2 /* MLMeViewController.h */,
				1A0EB9D71C16DFB4008916A2 /* MLMeViewController.m */,
			);
			path = Controller;
			sourceTree = "<group>";
		};
		1A0EB9A71C16C8B9008916A2 /* Model */ = {
			isa = PBXGroup;
			children = (
			);
			path = Model;
			sourceTree = "<group>";
		};
		1A0EB9A81C16C8B9008916A2 /* View */ = {
			isa = PBXGroup;
			children = (
				1A0EB9D41C16DF84008916A2 /* Me.storyboard */,
			);
			path = View;
			sourceTree = "<group>";
		};
		1A0EB9A91C16C8B9008916A2 /* Other */ = {
			isa = PBXGroup;
			children = (
				1A0EB9AA1C16C8B9008916A2 /* Assets */,
				1A0EB9AB1C16C8B9008916A2 /* Category */,
				1A0EB9AE1C16C8B9008916A2 /* Library */,
				1A0EB9AF1C16C8B9008916A2 /* Tools */,
			);
			path = Other;
			sourceTree = "<group>";
		};
		1A0EB9AA1C16C8B9008916A2 /* Assets */ = {
			isa = PBXGroup;
			children = (
				1A0EB9E11C17210D008916A2 /* AppDelegate.h */,
				1A0EB9E21C17210D008916A2 /* AppDelegate.m */,
				1A0EB9E31C17210D008916A2 /* main.m */,
			);
			path = Assets;
			sourceTree = "<group>";
		};
		1A0EB9AB1C16C8B9008916A2 /* Category */ = {
			isa = PBXGroup;
			children = (
				1A0EB9AC1C16C8B9008916A2 /* UIView+Extension.h */,
				1A0EB9AD1C16C8B9008916A2 /* UIView+Extension.m */,
			);
			path = Category;
			sourceTree = "<group>";
		};
		1A0EB9AE1C16C8B9008916A2 /* Library */ = {
			isa = PBXGroup;
			children = (
			);
			path = Library;
			sourceTree = "<group>";
		};
		1A0EB9AF1C16C8B9008916A2 /* Tools */ = {
			isa = PBXGroup;
			children = (
				1A0EB9B01C16C8B9008916A2 /* PrefixHeader.pch */,
			);
			path = Tools;
			sourceTree = "<group>";
		};
		1A0EB9B11C16C8B9008916A2 /* Reading--tabBar子控制器02 */ = {
			isa = PBXGroup;
			children = (
				1A0EB9B31C16C8B9008916A2 /* Model */,
				1A0EB9B41C16C8B9008916A2 /* View */,
				1A0EB9B21C16C8B9008916A2 /* Controller */,
			);
			name = "Reading--tabBar子控制器02";
			path = Reading;
			sourceTree = "<group>";
		};
		1A0EB9B21C16C8B9008916A2 /* Controller */ = {
			isa = PBXGroup;
			children = (
				1A0EB9C11C16D212008916A2 /* MLReadingViewController.h */,
				1A0EB9C21C16D212008916A2 /* MLReadingViewController.m */,
			);
			path = Controller;
			sourceTree = "<group>";
		};
		1A0EB9B31C16C8B9008916A2 /* Model */ = {
			isa = PBXGroup;
			children = (
			);
			path = Model;
			sourceTree = "<group>";
		};
		1A0EB9B41C16C8B9008916A2 /* View */ = {
			isa = PBXGroup;
			children = (
				1A0EB9C41C16D2AA008916A2 /* Reading.storyboard */,
			);
			path = View;
			sourceTree = "<group>";
		};
		1A0EB9CB1C16D922008916A2 /* Video--tabBar子控制器04 */ = {
			isa = PBXGroup;
			children = (
				1A0EB9CC1C16D922008916A2 /* Controller */,
				1A0EB9CD1C16D922008916A2 /* Model */,
				1A0EB9CE1C16D922008916A2 /* View */,
			);
			name = "Video--tabBar子控制器04";
			path = Discover/Video;
			sourceTree = "<group>";
		};
		1A0EB9CC1C16D922008916A2 /* Controller */ = {
			isa = PBXGroup;
			children = (
				1A0EB9CF1C16DEEF008916A2 /* MLVideoViewController.h */,
				1A0EB9D01C16DEEF008916A2 /* MLVideoViewController.m */,
			);
			path = Controller;
			sourceTree = "<group>";
		};
		1A0EB9CD1C16D922008916A2 /* Model */ = {
			isa = PBXGroup;
			children = (
			);
			path = Model;
			sourceTree = "<group>";
		};
		1A0EB9CE1C16D922008916A2 /* View */ = {
			isa = PBXGroup;
			children = (
				1A0EB9D21C16DEFD008916A2 /* Video.storyboard */,
			);
			path = View;
			sourceTree = "<group>";
		};
		1A4213021C167A2B00C1DE55 = {
			isa = PBXGroup;
			children = (
				1A42130D1C167A2B00C1DE55 /* newFinal */,
				1A42130C1C167A2B00C1DE55 /* Products */,
			);
			sourceTree = "<group>";
		};
		1A42130C1C167A2B00C1DE55 /* Products */ = {
			isa = PBXGroup;
			children = (
				1A42130B1C167A2B00C1DE55 /* newFinal.app */,
			);
			name = Products;
			sourceTree = "<group>";
		};
		1A42130D1C167A2B00C1DE55 /* newFinal */ = {
			isa = PBXGroup;
			children = (
				1A0EB9881C16C8B9008916A2 /* Class */,
				1A42130E1C167A2B00C1DE55 /* Supporting Files */,
			);
			path = newFinal;
			sourceTree = "<group>";
		};
		1A42130E1C167A2B00C1DE55 /* Supporting Files */ = {
			isa = PBXGroup;
			children = (
				1A42131A1C167A2B00C1DE55 /* Assets.xcassets */,
				1A42131C1C167A2B00C1DE55 /* LaunchScreen.storyboard */,
				1A42131F1C167A2B00C1DE55 /* Info.plist */,
			);
			name = "Supporting Files";
			sourceTree = "<group>";
		};
/* End PBXGroup section */

/* Begin PBXNativeTarget section */
		1A42130A1C167A2B00C1DE55 /* newFinal */ = {
			isa = PBXNativeTarget;
			buildConfigurationList = 1A4213221C167A2B00C1DE55 /* Build configuration list for PBXNativeTarget "newFinal" */;
			buildPhases = (
				1A4213071C167A2B00C1DE55 /* Sources */,
				1A4213081C167A2B00C1DE55 /* Frameworks */,
				1A4213091C167A2B00C1DE55 /* Resources */,
			);
			buildRules = (
			);
			dependencies = (
			);
			name = newFinal;
			productName = newFinal;
			productReference = 1A42130B1C167A2B00C1DE55 /* newFinal.app */;
			productType = "com.apple.product-type.application";
		};
/* End PBXNativeTarget section */

/* Begin PBXProject section */
		1A4213031C167A2B00C1DE55 /* Project object */ = {
			isa = PBXProject;
			attributes = {
				CLASSPREFIX = ML;
				LastUpgradeCheck = 0710;
				ORGANIZATIONNAME = SocererGroup;
				TargetAttributes = {
					1A42130A1C167A2B00C1DE55 = {
						CreatedOnToolsVersion = 7.1.1;
						DevelopmentTeam = C8J2NBUA64;
					};
				};
			};
			buildConfigurationList = 1A4213061C167A2B00C1DE55 /* Build configuration list for PBXProject "newFinal" */;
			compatibilityVersion = "Xcode 3.2";
			developmentRegion = English;
			hasScannedForEncodings = 0;
			knownRegions = (
				en,
				Base,
			);
			mainGroup = 1A4213021C167A2B00C1DE55;
			productRefGroup = 1A42130C1C167A2B00C1DE55 /* Products */;
			projectDirPath = "";
			projectRoot = "";
			targets = (
				1A42130A1C167A2B00C1DE55 /* newFinal */,
			);
		};
/* End PBXProject section */

/* Begin PBXResourcesBuildPhase section */
		1A4213091C167A2B00C1DE55 /* Resources */ = {
			isa = PBXResourcesBuildPhase;
			buildActionMask = 2147483647;
			files = (
				1A42131E1C167A2B00C1DE55 /* LaunchScreen.storyboard in Resources */,
				1A0EB9B71C16C8B9008916A2 /* Ad.storyboard in Resources */,
				1A0EB9C51C16D2AA008916A2 /* Reading.storyboard in Resources */,
				1A04B0771C1AFCFC00463186 /* topic_news.json in Resources */,
				1A42131B1C167A2B00C1DE55 /* Assets.xcassets in Resources */,
				1A0EB9D51C16DF84008916A2 /* Me.storyboard in Resources */,
				1A026C711C1BFD2700429022 /* HeadLine.storyboard in Resources */,
				1A0EB9DA1C1715FB008916A2 /* Main.storyboard in Resources */,
				1A0EB9CA1C16D6BC008916A2 /* Discover.storyboard in Resources */,
				1A0EB9D31C16DEFD008916A2 /* Video.storyboard in Resources */,
			);
			runOnlyForDeploymentPostprocessing = 0;
		};
/* End PBXResourcesBuildPhase section */

/* Begin PBXSourcesBuildPhase section */
		1A4213071C167A2B00C1DE55 /* Sources */ = {
			isa = PBXSourcesBuildPhase;
			buildActionMask = 2147483647;
			files = (
				1AFDF61E1C194A9000050130 /* MLHomeLabel.m in Sources */,
				1AFD9BCE1C1C3A0C00DB8569 /* MLLeftDockMenu.m in Sources */,
				1A0EB9E51C17210D008916A2 /* main.m in Sources */,
				1A0EB9B61C16C8B9008916A2 /* MLAdViewController.m in Sources */,
				1A0EB9D11C16DEEF008916A2 /* MLVideoViewController.m in Sources */,
				1A0EB9D81C16DFB4008916A2 /* MLMeViewController.m in Sources */,
				1A0EB9BE1C16CAD4008916A2 /* MLMainViewController.m in Sources */,
				1A0EB9B91C16C8B9008916A2 /* MLNavigationViewController.m in Sources */,
				1A026C741C1BFD7000429022 /* MLHeadLineViewController.m in Sources */,
				1A0EB9BB1C16C8B9008916A2 /* UIView+Extension.m in Sources */,
				1A0EB9C31C16D212008916A2 /* MLReadingViewController.m in Sources */,
				1A0EB9DD1C1718EF008916A2 /* MLBottomTabBar.m in Sources */,
				1A0EB9E41C17210D008916A2 /* AppDelegate.m in Sources */,
				1A0EB9B81C16C8B9008916A2 /* MLMainTabBarController.m in Sources */,
				1A04B07A1C1AFE0C00463186 /* MLChannel.m in Sources */,
				1A0EB9E01C171925008916A2 /* MLBottomTabBarButton.m in Sources */,
				1A0EB9C81C16D654008916A2 /* MLDiscoverViewController.m in Sources */,
			);
			runOnlyForDeploymentPostprocessing = 0;
		};
/* End PBXSourcesBuildPhase section */

/* Begin PBXVariantGroup section */
		1A42131C1C167A2B00C1DE55 /* LaunchScreen.storyboard */ = {
			isa = PBXVariantGroup;
			children = (
				1A42131D1C167A2B00C1DE55 /* Base */,
			);
			name = LaunchScreen.storyboard;
			sourceTree = "<group>";
		};
/* End PBXVariantGroup section */

/* Begin XCBuildConfiguration section */
		1A4213201C167A2B00C1DE55 /* Debug */ = {
			isa = XCBuildConfiguration;
			buildSettings = {
				ALWAYS_SEARCH_USER_PATHS = NO;
				CLANG_CXX_LANGUAGE_STANDARD = "gnu++0x";
				CLANG_CXX_LIBRARY = "libc++";
				CLANG_ENABLE_MODULES = YES;
				CLANG_ENABLE_OBJC_ARC = YES;
				CLANG_WARN_BOOL_CONVERSION = YES;
				CLANG_WARN_CONSTANT_CONVERSION = YES;
				CLANG_WARN_DIRECT_OBJC_ISA_USAGE = YES_ERROR;
				CLANG_WARN_EMPTY_BODY = YES;
				CLANG_WARN_ENUM_CONVERSION = YES;
				CLANG_WARN_INT_CONVERSION = YES;
				CLANG_WARN_OBJC_ROOT_CLASS = YES_ERROR;
				CLANG_WARN_UNREACHABLE_CODE = YES;
				CLANG_WARN__DUPLICATE_METHOD_MATCH = YES;
				"CODE_SIGN_IDENTITY[sdk=iphoneos*]" = "iPhone Developer";
				COPY_PHASE_STRIP = NO;
				DEBUG_INFORMATION_FORMAT = dwarf;
				ENABLE_STRICT_OBJC_MSGSEND = YES;
				ENABLE_TESTABILITY = YES;
				GCC_C_LANGUAGE_STANDARD = gnu99;
				GCC_DYNAMIC_NO_PIC = NO;
				GCC_NO_COMMON_BLOCKS = YES;
				GCC_OPTIMIZATION_LEVEL = 0;
				GCC_PREPROCESSOR_DEFINITIONS = (
					"DEBUG=1",
					"$(inherited)",
				);
				GCC_WARN_64_TO_32_BIT_CONVERSION = YES;
				GCC_WARN_ABOUT_RETURN_TYPE = YES_ERROR;
				GCC_WARN_UNDECLARED_SELECTOR = YES;
				GCC_WARN_UNINITIALIZED_AUTOS = YES_AGGRESSIVE;
				GCC_WARN_UNUSED_FUNCTION = YES;
				GCC_WARN_UNUSED_VARIABLE = YES;
				IPHONEOS_DEPLOYMENT_TARGET = 9.1;
				MTL_ENABLE_DEBUG_INFO = YES;
				ONLY_ACTIVE_ARCH = YES;
				SDKROOT = iphoneos;
			};
			name = Debug;
		};
		1A4213211C167A2B00C1DE55 /* Release */ = {
			isa = XCBuildConfiguration;
			buildSettings = {
				ALWAYS_SEARCH_USER_PATHS = NO;
				CLANG_CXX_LANGUAGE_STANDARD = "gnu++0x";
				CLANG_CXX_LIBRARY = "libc++";
				CLANG_ENABLE_MODULES = YES;
				CLANG_ENABLE_OBJC_ARC = YES;
				CLANG_WARN_BOOL_CONVERSION = YES;
				CLANG_WARN_CONSTANT_CONVERSION = YES;
				CLANG_WARN_DIRECT_OBJC_ISA_USAGE = YES_ERROR;
				CLANG_WARN_EMPTY_BODY = YES;
				CLANG_WARN_ENUM_CONVERSION = YES;
				CLANG_WARN_INT_CONVERSION = YES;
				CLANG_WARN_OBJC_ROOT_CLASS = YES_ERROR;
				CLANG_WARN_UNREACHABLE_CODE = YES;
				CLANG_WARN__DUPLICATE_METHOD_MATCH = YES;
				"CODE_SIGN_IDENTITY[sdk=iphoneos*]" = "iPhone Developer";
				COPY_PHASE_STRIP = NO;
				DEBUG_INFORMATION_FORMAT = "dwarf-with-dsym";
				ENABLE_NS_ASSERTIONS = NO;
				ENABLE_STRICT_OBJC_MSGSEND = YES;
				GCC_C_LANGUAGE_STANDARD = gnu99;
				GCC_NO_COMMON_BLOCKS = YES;
				GCC_WARN_64_TO_32_BIT_CONVERSION = YES;
				GCC_WARN_ABOUT_RETURN_TYPE = YES_ERROR;
				GCC_WARN_UNDECLARED_SELECTOR = YES;
				GCC_WARN_UNINITIALIZED_AUTOS = YES_AGGRESSIVE;
				GCC_WARN_UNUSED_FUNCTION = YES;
				GCC_WARN_UNUSED_VARIABLE = YES;
				IPHONEOS_DEPLOYMENT_TARGET = 9.1;
				MTL_ENABLE_DEBUG_INFO = NO;
				SDKROOT = iphoneos;
				VALIDATE_PRODUCT = YES;
			};
			name = Release;
		};
		1A4213231C167A2B00C1DE55 /* Debug */ = {
			isa = XCBuildConfiguration;
			buildSettings = {
				ASSETCATALOG_COMPILER_APPICON_NAME = AppIcon;
				ASSETCATALOG_COMPILER_LAUNCHIMAGE_NAME = "Brand Assets";
				GCC_PREFIX_HEADER = "$(SRCROOT)/newFinal/Class/Other/Tools/PrefixHeader.pch";
				INFOPLIST_FILE = newFinal/Info.plist;
				IPHONEOS_DEPLOYMENT_TARGET = 9.0;
				LD_RUNPATH_SEARCH_PATHS = "$(inherited) @executable_path/Frameworks";
				PRODUCT_BUNDLE_IDENTIFIER = com.SocererGroup.newFinal;
				PRODUCT_NAME = "$(TARGET_NAME)";
			};
			name = Debug;
		};
		1A4213241C167A2B00C1DE55 /* Release */ = {
			isa = XCBuildConfiguration;
			buildSettings = {
				ASSETCATALOG_COMPILER_APPICON_NAME = AppIcon;
				ASSETCATALOG_COMPILER_LAUNCHIMAGE_NAME = "Brand Assets";
				GCC_PREFIX_HEADER = "$(SRCROOT)/newFinal/Class/Other/Tools/PrefixHeader.pch";
				INFOPLIST_FILE = newFinal/Info.plist;
				IPHONEOS_DEPLOYMENT_TARGET = 9.0;
				LD_RUNPATH_SEARCH_PATHS = "$(inherited) @executable_path/Frameworks";
				PRODUCT_BUNDLE_IDENTIFIER = com.SocererGroup.newFinal;
				PRODUCT_NAME = "$(TARGET_NAME)";
			};
			name = Release;
		};
/* End XCBuildConfiguration section */

/* Begin XCConfigurationList section */
		1A4213061C167A2B00C1DE55 /* Build configuration list for PBXProject "newFinal" */ = {
			isa = XCConfigurationList;
			buildConfigurations = (
				1A4213201C167A2B00C1DE55 /* Debug */,
				1A4213211C167A2B00C1DE55 /* Release */,
			);
			defaultConfigurationIsVisible = 0;
			defaultConfigurationName = Release;
		};
		1A4213221C167A2B00C1DE55 /* Build configuration list for PBXNativeTarget "newFinal" */ = {
			isa = XCConfigurationList;
			buildConfigurations = (
				1A4213231C167A2B00C1DE55 /* Debug */,
				1A4213241C167A2B00C1DE55 /* Release */,
			);
			defaultConfigurationIsVisible = 0;
			defaultConfigurationName = Release;
		};
/* End XCConfigurationList section */
	};
	rootObject = 1A4213031C167A2B00C1DE55 /* Project object */;
}
